
Microsoft Visual Studio Solution File, Format Version 12.00
# Visual Studio 14
VisualStudioVersion = 14.0.25420.1
MinimumVisualStudioVersion = 10.0.40219.1
Project("{FAE04EC0-301F-11D3-BF4B-00C04F79EFBC}") = "TechnicalAssessment", "TechnicalAssignment\TechnicalAssessment.csproj", "{2BF95FD9-3CC9-43FE-BD2E-0A7E61CD1248}"
EndProject
Project("{FAE04EC0-301F-11D3-BF4B-00C04F79EFBC}") = "TechnicalAssessment.Business", "TechnicalAssessment.Business\TechnicalAssessment.Business.csproj", "{DD111DAD-4F2F-4AE9-86D7-5FA3CA14B681}"
EndProject
Project("{FAE04EC0-301F-11D3-BF4B-00C04F79EFBC}") = "TechnicalAssessment.Models", "TechnicalAssessment.Models\TechnicalAssessment.Models.csproj", "{AC6247C0-9C21-4A97-B637-E89E2707321B}"
EndProject
Project("{FAE04EC0-301F-11D3-BF4B-00C04F79EFBC}") = "TechnicalAssessment.UnitTest", "TechnicalAssessment.UnitTest\TechnicalAssessment.UnitTest.csproj", "{B1ED7995-B67B-471B-BEC0-AA44248008EB}"
EndProject
Project("{FAE04EC0-301F-11D3-BF4B-00C04F79EFBC}") = "TechnicalAssessment.Utility", "TechnicalAssessment.Utility\TechnicalAssessment.Utility.csproj", "{D2AC3D5A-E88B-47E3-AB48-973ADBA8B7FD}"
EndProject
Global
	GlobalSection(SolutionConfigurationPlatforms) = preSolution
		Debug|Any CPU = Debug|Any CPU
		Release|Any CPU = Release|Any CPU
	EndGlobalSection
	GlobalSection(ProjectConfigurationPlatforms) = postSolution
		{2BF95FD9-3CC9-43FE-BD2E-0A7E61CD1248}.Debug|Any CPU.ActiveCfg = Debug|Any CPU
		{2BF95FD9-3CC9-43FE-BD2E-0A7E61CD1248}.Debug|Any CPU.Build.0 = Debug|Any CPU
		{2BF95FD9-3CC9-43FE-BD2E-0A7E61CD1248}.Release|Any CPU.ActiveCfg = Release|Any CPU
		{2BF95FD9-3CC9-43FE-BD2E-0A7E61CD1248}.Release|Any CPU.Build.0 = Release|Any CPU
		{DD111DAD-4F2F-4AE9-86D7-5FA3CA14B681}.Debug|Any CPU.ActiveCfg = Debug|Any CPU
		{DD111DAD-4F2F-4AE9-86D7-5FA3CA14B681}.Debug|Any CPU.Build.0 = Debug|Any CPU
		{DD111DAD-4F2F-4AE9-86D7-5FA3CA14B681}.Release|Any CPU.ActiveCfg = Release|Any CPU
		{DD111DAD-4F2F-4AE9-86D7-5FA3CA14B681}.Release|Any CPU.Build.0 = Release|Any CPU
		{AC6247C0-9C21-4A97-B637-E89E2707321B}.Debug|Any CPU.ActiveCfg = Debug|Any CPU
		{AC6247C0-9C21-4A97-B637-E89E2707321B}.Debug|Any CPU.Build.0 = Debug|Any CPU
		{AC6247C0-9C21-4A97-B637-E89E2707321B}.Release|Any CPU.ActiveCfg = Release|Any CPU
		{AC6247C0-9C21-4A97-B637-E89E2707321B}.Release|Any CPU.Build.0 = Release|Any CPU
		{B1ED7995-B67B-471B-BEC0-AA44248008EB}.Debug|Any CPU.ActiveCfg = Debug|Any CPU
		{B1ED7995-B67B-471B-BEC0-AA44248008EB}.Debug|Any CPU.Build.0 = Debug|Any CPU
		{B1ED7995-B67B-471B-BEC0-AA44248008EB}.Release|Any CPU.ActiveCfg = Release|Any CPU
		{B1ED7995-B67B-471B-BEC0-AA44248008EB}.Release|Any CPU.Build.0 = Release|Any CPU
		{D2AC3D5A-E88B-47E3-AB48-973ADBA8B7FD}.Debug|Any CPU.ActiveCfg = Debug|Any CPU
		{D2AC3D5A-E88B-47E3-AB48-973ADBA8B7FD}.Debug|Any CPU.Build.0 = Debug|Any CPU
		{D2AC3D5A-E88B-47E3-AB48-973ADBA8B7FD}.Release|Any CPU.ActiveCfg = Release|Any CPU
		{D2AC3D5A-E88B-47E3-AB48-973ADBA8B7FD}.Release|Any CPU.Build.0 = Release|Any CPU
	EndGlobalSection
	GlobalSection(SolutionProperties) = preSolution
		HideSolutionNode = FALSE
	EndGlobalSection
EndGlobal
